{
  "name": "@lianjia/bucky-cli",
  "version": "0.0.38",
  "lockfileVersion": 1,
  "requires": true,
  "dependencies": {
    "commander": {
      "version": "2.14.1",
      "resolved": "http://registry.npmjs.lianjia.com:7001/commander/download/commander-2.14.1.tgz",
      "integrity": "sha1-IjUSPjevjKPGXfRbAm29NXsBuao="
    },
    "ejs": {
      "version": "2.5.7",
      "resolved": "http://registry.npmjs.lianjia.com:7001/ejs/download/ejs-2.5.7.tgz",
      "integrity": "sha1-zIcsFoiArjxxiXYv1f/ACJbJUYo="
    }
  }
}
